
Microsoft Visual Studio Solution File, Format Version 12.00
# Visual Studio Version 17
VisualStudioVersion = 17.7.34202.233
MinimumVisualStudioVersion = 10.0.40219.1
Project("{FAE04EC0-301F-11D3-BF4B-00C04F79EFBC}") = "class9", "class9.csproj", "{4DB2845B-142F-4892-BE12-FD38E73057F3}"
EndProject
Global
	GlobalSection(SolutionConfigurationPlatforms) = preSolution
		Debug|Any CPU = Debug|Any CPU
		Release|Any CPU = Release|Any CPU
	EndGlobalSection
	GlobalSection(ProjectConfigurationPlatforms) = postSolution
		{4DB2845B-142F-4892-BE12-FD38E73057F3}.Debug|Any CPU.ActiveCfg = Debug|Any CPU
		{4DB2845B-142F-4892-BE12-FD38E73057F3}.Debug|Any CPU.Build.0 = Debug|Any CPU
		{4DB2845B-142F-4892-BE12-FD38E73057F3}.Release|Any CPU.ActiveCfg = Release|Any CPU
		{4DB2845B-142F-4892-BE12-FD38E73057F3}.Release|Any CPU.Build.0 = Release|Any CPU
	EndGlobalSection
	GlobalSection(SolutionProperties) = preSolution
		HideSolutionNode = FALSE
	EndGlobalSection
	GlobalSection(ExtensibilityGlobals) = postSolution
		SolutionGuid = {00140E59-EA23-4DAC-A3F3-C76A617BC282}
	EndGlobalSection
EndGlobal
